
Microsoft Visual Studio Solution File, Format Version 12.00
# Visual Studio Version 16
VisualStudioVersion = 16.0.30404.54
MinimumVisualStudioVersion = 10.0.40219.1
Project("{888888A0-9F3D-457C-B088-3A5042F75D52}") = "linebotTest2", "linebotTest2\linebotTest2.pyproj", "{4BD7628F-0070-410E-A46B-6BE19BD14251}"
EndProject
Global
	GlobalSection(SolutionConfigurationPlatforms) = preSolution
		Debug|Any CPU = Debug|Any CPU
		Release|Any CPU = Release|Any CPU
	EndGlobalSection
	GlobalSection(ProjectConfigurationPlatforms) = postSolution
		{4BD7628F-0070-410E-A46B-6BE19BD14251}.Debug|Any CPU.ActiveCfg = Debug|Any CPU
		{4BD7628F-0070-410E-A46B-6BE19BD14251}.Debug|Any CPU.Build.0 = Debug|Any CPU
		{4BD7628F-0070-410E-A46B-6BE19BD14251}.Release|Any CPU.ActiveCfg = Release|Any CPU
		{4BD7628F-0070-410E-A46B-6BE19BD14251}.Release|Any CPU.Build.0 = Release|Any CPU
	EndGlobalSection
	GlobalSection(SolutionProperties) = preSolution
		HideSolutionNode = FALSE
	EndGlobalSection
	GlobalSection(ExtensibilityGlobals) = postSolution
		SolutionGuid = {53B226EC-8CF9-4274-9CF4-32A1025354B9}
	EndGlobalSection
EndGlobal
